
Microsoft Visual Studio Solution File, Format Version 12.00
# Visual Studio Version 17
VisualStudioVersion = 17.11.35219.272
MinimumVisualStudioVersion = 10.0.40219.1
Project("{FAE04EC0-301F-11D3-BF4B-00C04F79EFBC}") = "ConsoleApp3", "ConsoleApp3.csproj", "{8474B7B8-6F20-4889-83CC-28838A8EC927}"
EndProject
Global
	GlobalSection(SolutionConfigurationPlatforms) = preSolution
		Debug|Any CPU = Debug|Any CPU
		Release|Any CPU = Release|Any CPU
	EndGlobalSection
	GlobalSection(ProjectConfigurationPlatforms) = postSolution
		{8474B7B8-6F20-4889-83CC-28838A8EC927}.Debug|Any CPU.ActiveCfg = Debug|Any CPU
		{8474B7B8-6F20-4889-83CC-28838A8EC927}.Debug|Any CPU.Build.0 = Debug|Any CPU
		{8474B7B8-6F20-4889-83CC-28838A8EC927}.Release|Any CPU.ActiveCfg = Release|Any CPU
		{8474B7B8-6F20-4889-83CC-28838A8EC927}.Release|Any CPU.Build.0 = Release|Any CPU
	EndGlobalSection
	GlobalSection(SolutionProperties) = preSolution
		HideSolutionNode = FALSE
	EndGlobalSection
	GlobalSection(ExtensibilityGlobals) = postSolution
		SolutionGuid = {B0379ABD-956B-4922-A290-7AF0ECD67ACF}
	EndGlobalSection
EndGlobal
